
Microsoft Visual Studio Solution File, Format Version 12.00
# Visual Studio Version 17
VisualStudioVersion = 17.10.35122.118
MinimumVisualStudioVersion = 10.0.40219.1
Project("{FAE04EC0-301F-11D3-BF4B-00C04F79EFBC}") = "CalcService", "CalcService.csproj", "{AABD3AFE-F315-4D88-A03C-281D0F8CD7E9}"
EndProject
Global
	GlobalSection(SolutionConfigurationPlatforms) = preSolution
		Debug|Any CPU = Debug|Any CPU
		Release|Any CPU = Release|Any CPU
	EndGlobalSection
	GlobalSection(ProjectConfigurationPlatforms) = postSolution
		{AABD3AFE-F315-4D88-A03C-281D0F8CD7E9}.Debug|Any CPU.ActiveCfg = Debug|Any CPU
		{AABD3AFE-F315-4D88-A03C-281D0F8CD7E9}.Debug|Any CPU.Build.0 = Debug|Any CPU
		{AABD3AFE-F315-4D88-A03C-281D0F8CD7E9}.Release|Any CPU.ActiveCfg = Release|Any CPU
		{AABD3AFE-F315-4D88-A03C-281D0F8CD7E9}.Release|Any CPU.Build.0 = Release|Any CPU
	EndGlobalSection
	GlobalSection(SolutionProperties) = preSolution
		HideSolutionNode = FALSE
	EndGlobalSection
	GlobalSection(ExtensibilityGlobals) = postSolution
		SolutionGuid = {21D09221-D85B-4425-8A2F-82B110A0C211}
	EndGlobalSection
EndGlobal
