
Microsoft Visual Studio Solution File, Format Version 12.00
# Visual Studio Version 17
VisualStudioVersion = 17.10.35122.118
MinimumVisualStudioVersion = 10.0.40219.1
Project("{FAE04EC0-301F-11D3-BF4B-00C04F79EFBC}") = "Parsing", "Parsing.csproj", "{FC038970-7E78-4A01-AB05-C96CFCC93480}"
EndProject
Global
	GlobalSection(SolutionConfigurationPlatforms) = preSolution
		Debug|Any CPU = Debug|Any CPU
		Release|Any CPU = Release|Any CPU
	EndGlobalSection
	GlobalSection(ProjectConfigurationPlatforms) = postSolution
		{FC038970-7E78-4A01-AB05-C96CFCC93480}.Debug|Any CPU.ActiveCfg = Debug|Any CPU
		{FC038970-7E78-4A01-AB05-C96CFCC93480}.Debug|Any CPU.Build.0 = Debug|Any CPU
		{FC038970-7E78-4A01-AB05-C96CFCC93480}.Release|Any CPU.ActiveCfg = Release|Any CPU
		{FC038970-7E78-4A01-AB05-C96CFCC93480}.Release|Any CPU.Build.0 = Release|Any CPU
	EndGlobalSection
	GlobalSection(SolutionProperties) = preSolution
		HideSolutionNode = FALSE
	EndGlobalSection
	GlobalSection(ExtensibilityGlobals) = postSolution
		SolutionGuid = {13569A73-D658-44CA-B5D8-3CE6D75EF679}
	EndGlobalSection
EndGlobal
